
Microsoft Visual Studio Solution File, Format Version 12.00
# Visual Studio Version 16
VisualStudioVersion = 16.0.29215.179
MinimumVisualStudioVersion = 10.0.40219.1
Project("{FAE04EC0-301F-11D3-BF4B-00C04F79EFBC}") = "EmployeeAndProductionWorker", "EmployeeAndProductionWorker\EmployeeAndProductionWorker.csproj", "{7B6C430D-133A-45E9-9B09-BD8DBF61FB7A}"
EndProject
Global
	GlobalSection(SolutionConfigurationPlatforms) = preSolution
		Debug|Any CPU = Debug|Any CPU
		Release|Any CPU = Release|Any CPU
	EndGlobalSection
	GlobalSection(ProjectConfigurationPlatforms) = postSolution
		{7B6C430D-133A-45E9-9B09-BD8DBF61FB7A}.Debug|Any CPU.ActiveCfg = Debug|Any CPU
		{7B6C430D-133A-45E9-9B09-BD8DBF61FB7A}.Debug|Any CPU.Build.0 = Debug|Any CPU
		{7B6C430D-133A-45E9-9B09-BD8DBF61FB7A}.Release|Any CPU.ActiveCfg = Release|Any CPU
		{7B6C430D-133A-45E9-9B09-BD8DBF61FB7A}.Release|Any CPU.Build.0 = Release|Any CPU
	EndGlobalSection
	GlobalSection(SolutionProperties) = preSolution
		HideSolutionNode = FALSE
	EndGlobalSection
	GlobalSection(ExtensibilityGlobals) = postSolution
		SolutionGuid = {5414CA38-194E-4B0E-9BA7-6C315FB830D6}
	EndGlobalSection
EndGlobal
