
Microsoft Visual Studio Solution File, Format Version 12.00
# Visual Studio Version 16
VisualStudioVersion = 16.0.29424.173
MinimumVisualStudioVersion = 10.0.40219.1
Project("{FAE04EC0-301F-11D3-BF4B-00C04F79EFBC}") = "Employee Searching", "Employee Searching\Employee Searching.csproj", "{17B0A10B-4723-4567-B3BD-00E0A5D22BA1}"
EndProject
Global
	GlobalSection(SolutionConfigurationPlatforms) = preSolution
		Debug|Any CPU = Debug|Any CPU
		Release|Any CPU = Release|Any CPU
	EndGlobalSection
	GlobalSection(ProjectConfigurationPlatforms) = postSolution
		{17B0A10B-4723-4567-B3BD-00E0A5D22BA1}.Debug|Any CPU.ActiveCfg = Debug|Any CPU
		{17B0A10B-4723-4567-B3BD-00E0A5D22BA1}.Debug|Any CPU.Build.0 = Debug|Any CPU
		{17B0A10B-4723-4567-B3BD-00E0A5D22BA1}.Release|Any CPU.ActiveCfg = Release|Any CPU
		{17B0A10B-4723-4567-B3BD-00E0A5D22BA1}.Release|Any CPU.Build.0 = Release|Any CPU
	EndGlobalSection
	GlobalSection(SolutionProperties) = preSolution
		HideSolutionNode = FALSE
	EndGlobalSection
	GlobalSection(ExtensibilityGlobals) = postSolution
		SolutionGuid = {05F15019-82A5-4ED3-8BB9-90CF67DEFC7F}
	EndGlobalSection
EndGlobal
