
Microsoft Visual Studio Solution File, Format Version 12.00
# Visual Studio Version 16
VisualStudioVersion = 16.0.29215.179
MinimumVisualStudioVersion = 10.0.40219.1
Project("{FAE04EC0-301F-11D3-BF4B-00C04F79EFBC}") = "TicTacToeProgramHale", "TicTacToeProgramHale\TicTacToeProgramHale.csproj", "{1544CB82-900B-4E45-B35F-5643A8D58F48}"
EndProject
Global
	GlobalSection(SolutionConfigurationPlatforms) = preSolution
		Debug|Any CPU = Debug|Any CPU
		Release|Any CPU = Release|Any CPU
	EndGlobalSection
	GlobalSection(ProjectConfigurationPlatforms) = postSolution
		{1544CB82-900B-4E45-B35F-5643A8D58F48}.Debug|Any CPU.ActiveCfg = Debug|Any CPU
		{1544CB82-900B-4E45-B35F-5643A8D58F48}.Debug|Any CPU.Build.0 = Debug|Any CPU
		{1544CB82-900B-4E45-B35F-5643A8D58F48}.Release|Any CPU.ActiveCfg = Release|Any CPU
		{1544CB82-900B-4E45-B35F-5643A8D58F48}.Release|Any CPU.Build.0 = Release|Any CPU
	EndGlobalSection
	GlobalSection(SolutionProperties) = preSolution
		HideSolutionNode = FALSE
	EndGlobalSection
	GlobalSection(ExtensibilityGlobals) = postSolution
		SolutionGuid = {C4020AAC-EE8E-4DF9-B858-0B1741F75A7E}
	EndGlobalSection
EndGlobal
