
Microsoft Visual Studio Solution File, Format Version 12.00
# Visual Studio Version 16
VisualStudioVersion = 16.0.29215.179
MinimumVisualStudioVersion = 10.0.40219.1
Project("{FAE04EC0-301F-11D3-BF4B-00C04F79EFBC}") = "SalePriceCalculator", "SalePriceCalculator\SalePriceCalculator.csproj", "{EE77A1C3-FE80-4DDA-9764-11DF9B888A76}"
EndProject
Global
	GlobalSection(SolutionConfigurationPlatforms) = preSolution
		Debug|Any CPU = Debug|Any CPU
		Release|Any CPU = Release|Any CPU
	EndGlobalSection
	GlobalSection(ProjectConfigurationPlatforms) = postSolution
		{EE77A1C3-FE80-4DDA-9764-11DF9B888A76}.Debug|Any CPU.ActiveCfg = Debug|Any CPU
		{EE77A1C3-FE80-4DDA-9764-11DF9B888A76}.Debug|Any CPU.Build.0 = Debug|Any CPU
		{EE77A1C3-FE80-4DDA-9764-11DF9B888A76}.Release|Any CPU.ActiveCfg = Release|Any CPU
		{EE77A1C3-FE80-4DDA-9764-11DF9B888A76}.Release|Any CPU.Build.0 = Release|Any CPU
	EndGlobalSection
	GlobalSection(SolutionProperties) = preSolution
		HideSolutionNode = FALSE
	EndGlobalSection
	GlobalSection(ExtensibilityGlobals) = postSolution
		SolutionGuid = {4E1C6EFF-8BF5-4C97-B650-93C073E97832}
	EndGlobalSection
EndGlobal
