
Microsoft Visual Studio Solution File, Format Version 12.00
# Visual Studio Version 16
VisualStudioVersion = 16.0.29215.179
MinimumVisualStudioVersion = 10.0.40219.1
Project("{FAE04EC0-301F-11D3-BF4B-00C04F79EFBC}") = "Product Queries", "Product Queries\Product Queries.csproj", "{FB5AF137-6DF1-40E2-B197-29258FB2D725}"
EndProject
Global
	GlobalSection(SolutionConfigurationPlatforms) = preSolution
		Debug|Any CPU = Debug|Any CPU
		Release|Any CPU = Release|Any CPU
	EndGlobalSection
	GlobalSection(ProjectConfigurationPlatforms) = postSolution
		{FB5AF137-6DF1-40E2-B197-29258FB2D725}.Debug|Any CPU.ActiveCfg = Debug|Any CPU
		{FB5AF137-6DF1-40E2-B197-29258FB2D725}.Debug|Any CPU.Build.0 = Debug|Any CPU
		{FB5AF137-6DF1-40E2-B197-29258FB2D725}.Release|Any CPU.ActiveCfg = Release|Any CPU
		{FB5AF137-6DF1-40E2-B197-29258FB2D725}.Release|Any CPU.Build.0 = Release|Any CPU
	EndGlobalSection
	GlobalSection(SolutionProperties) = preSolution
		HideSolutionNode = FALSE
	EndGlobalSection
	GlobalSection(ExtensibilityGlobals) = postSolution
		SolutionGuid = {D616491D-F83B-4258-8AAE-668A49D676FB}
	EndGlobalSection
EndGlobal
